
Microsoft Visual Studio Solution File, Format Version 11.00
# Visual Basic Express 2010
Project("{F184B08F-C81C-45F6-A57F-5ABD9991F28F}") = "9 mixup", "9 mixup\9 mixup.vbproj", "{C9528D4F-F3BB-401C-AF29-5882D80E0487}"
EndProject
Global
	GlobalSection(SolutionConfigurationPlatforms) = preSolution
		Debug|x86 = Debug|x86
		Release|x86 = Release|x86
	EndGlobalSection
	GlobalSection(ProjectConfigurationPlatforms) = postSolution
		{C9528D4F-F3BB-401C-AF29-5882D80E0487}.Debug|x86.ActiveCfg = Debug|x86
		{C9528D4F-F3BB-401C-AF29-5882D80E0487}.Debug|x86.Build.0 = Debug|x86
		{C9528D4F-F3BB-401C-AF29-5882D80E0487}.Release|x86.ActiveCfg = Release|x86
		{C9528D4F-F3BB-401C-AF29-5882D80E0487}.Release|x86.Build.0 = Release|x86
	EndGlobalSection
	GlobalSection(SolutionProperties) = preSolution
		HideSolutionNode = FALSE
	EndGlobalSection
EndGlobal
